
Microsoft Visual Studio Solution File, Format Version 12.00
# Visual Studio Version 17
VisualStudioVersion = 17.5.33502.453
MinimumVisualStudioVersion = 10.0.40219.1
Project("{8BC9CEB8-8B4A-11D0-8D11-00A0C91BC942}") = "stack", "stack\stack.vcxproj", "{3791DDCC-EBDA-4C82-AEBE-44C61569152A}"
EndProject
Global
	GlobalSection(SolutionConfigurationPlatforms) = preSolution
		Debug|x64 = Debug|x64
		Debug|x86 = Debug|x86
		Release|x64 = Release|x64
		Release|x86 = Release|x86
	EndGlobalSection
	GlobalSection(ProjectConfigurationPlatforms) = postSolution
		{3791DDCC-EBDA-4C82-AEBE-44C61569152A}.Debug|x64.ActiveCfg = Debug|x64
		{3791DDCC-EBDA-4C82-AEBE-44C61569152A}.Debug|x64.Build.0 = Debug|x64
		{3791DDCC-EBDA-4C82-AEBE-44C61569152A}.Debug|x86.ActiveCfg = Debug|Win32
		{3791DDCC-EBDA-4C82-AEBE-44C61569152A}.Debug|x86.Build.0 = Debug|Win32
		{3791DDCC-EBDA-4C82-AEBE-44C61569152A}.Release|x64.ActiveCfg = Release|x64
		{3791DDCC-EBDA-4C82-AEBE-44C61569152A}.Release|x64.Build.0 = Release|x64
		{3791DDCC-EBDA-4C82-AEBE-44C61569152A}.Release|x86.ActiveCfg = Release|Win32
		{3791DDCC-EBDA-4C82-AEBE-44C61569152A}.Release|x86.Build.0 = Release|Win32
	EndGlobalSection
	GlobalSection(SolutionProperties) = preSolution
		HideSolutionNode = FALSE
	EndGlobalSection
	GlobalSection(ExtensibilityGlobals) = postSolution
		SolutionGuid = {B77B49B8-555F-4137-99C3-A5CF6921825D}
	EndGlobalSection
EndGlobal
